
Microsoft Visual Studio Solution File, Format Version 12.00
# Visual Studio 15
VisualStudioVersion = 15.0.28307.1972
MinimumVisualStudioVersion = 10.0.40219.1
Project("{159641D6-6404-4A2A-AE62-294DE0FE8301}") = "SSISAssignment1_DWBI", "SSISAssignment1_DWBI\SSISAssignment1_DWBI.dtproj", "{8478F190-6ACE-4C6E-A471-B3DCC8B46F28}"
EndProject
Global
	GlobalSection(SolutionConfigurationPlatforms) = preSolution
		Development|Default = Development|Default
	EndGlobalSection
	GlobalSection(ProjectConfigurationPlatforms) = postSolution
		{8478F190-6ACE-4C6E-A471-B3DCC8B46F28}.Development|Default.ActiveCfg = Development
		{8478F190-6ACE-4C6E-A471-B3DCC8B46F28}.Development|Default.Build.0 = Development
	EndGlobalSection
	GlobalSection(SolutionProperties) = preSolution
		HideSolutionNode = FALSE
	EndGlobalSection
	GlobalSection(ExtensibilityGlobals) = postSolution
		SolutionGuid = {8C194BC3-90D7-437E-9F32-BE1D6FC40263}
	EndGlobalSection
EndGlobal
